
Microsoft Visual Studio Solution File, Format Version 12.00
# Visual Studio 15
VisualStudioVersion = 15.0.27004.2009
MinimumVisualStudioVersion = 10.0.40219.1
Project("{9A19103F-16F7-4668-BE54-9A1E7A4F7556}") = "Big_Bank_Inc", "Big_Bank_Inc.csproj", "{758B880C-F6AC-408F-8CED-E353578F01B3}"
EndProject
Global
	GlobalSection(SolutionConfigurationPlatforms) = preSolution
		Debug|Any CPU = Debug|Any CPU
		Release|Any CPU = Release|Any CPU
	EndGlobalSection
	GlobalSection(ProjectConfigurationPlatforms) = postSolution
		{758B880C-F6AC-408F-8CED-E353578F01B3}.Debug|Any CPU.ActiveCfg = Debug|Any CPU
		{758B880C-F6AC-408F-8CED-E353578F01B3}.Debug|Any CPU.Build.0 = Debug|Any CPU
		{758B880C-F6AC-408F-8CED-E353578F01B3}.Release|Any CPU.ActiveCfg = Release|Any CPU
		{758B880C-F6AC-408F-8CED-E353578F01B3}.Release|Any CPU.Build.0 = Release|Any CPU
	EndGlobalSection
	GlobalSection(SolutionProperties) = preSolution
		HideSolutionNode = FALSE
	EndGlobalSection
	GlobalSection(ExtensibilityGlobals) = postSolution
		SolutionGuid = {D60E39E5-EE4A-46A4-85CC-54D755F95BD3}
	EndGlobalSection
EndGlobal
